// !$*UTF8*$!
{
	archiveVersion = 1;
	classes = {
	};
	objectVersion = 46;
	objects = {

/* Begin PBXBuildFile section */
		A3EEB67C1F40CA770069F13F /* AppDelegate.swift in Sources */ = {isa = PBXBuildFile; fileRef = A3EEB67B1F40CA770069F13F /* AppDelegate.swift */; };
		A3EEB67E1F40CA770069F13F /* ViewController.swift in Sources */ = {isa = PBXBuildFile; fileRef = A3EEB67D1F40CA770069F13F /* ViewController.swift */; };
		A3EEB6811F40CA770069F13F /* Main.storyboard in Resources */ = {isa = PBXBuildFile; fileRef = A3EEB67F1F40CA770069F13F /* Main.storyboard */; };
		A3EEB6831F40CA770069F13F /* Assets.xcassets in Resources */ = {isa = PBXBuildFile; fileRef = A3EEB6821F40CA770069F13F /* Assets.xcassets */; };
		A3EEB6861F40CA770069F13F /* LaunchScreen.storyboard in Resources */ = {isa = PBXBuildFile; fileRef = A3EEB6841F40CA770069F13F /* LaunchScreen.storyboard */; };
/* End PBXBuildFile section */

/* Begin PBXFileReference section */
		A3EEB6781F40CA770069F13F /* fireworksApp.app */ = {isa = PBXFileReference; explicitFileType = wrapper.application; includeInIndex = 0; path = fireworksApp.app; sourceTree = BUILT_PRODUCTS_DIR; };
		A3EEB67B1F40CA770069F13F /* AppDelegate.swift */ = {isa = PBXFileReference; lastKnownFileType = sourcecode.swift; path = AppDelegate.swift; sourceTree = "<group>"; };
		A3EEB67D1F40CA770069F13F /* ViewController.swift */ = {isa = PBXFileReference; lastKnownFileType = sourcecode.swift; path = ViewController.swift; sourceTree = "<group>"; };
		A3EEB6801F40CA770069F13F /* Base */ = {isa = PBXFileReference; lastKnownFileType = file.storyboard; name = Base; path = Base.lproj/Main.storyboard; sourceTree = "<group>"; };
		A3EEB6821F40CA770069F13F /* Assets.xcassets */ = {isa = PBXFileReference; lastKnownFileType = folder.assetcatalog; path = Assets.xcassets; sourceTree = "<group>"; };
		A3EEB6851F40CA770069F13F /* Base */ = {isa = PBXFileReference; lastKnownFileType = file.storyboard; name = Base; path = Base.lproj/LaunchScreen.storyboard; sourceTree = "<group>"; };
		A3EEB6871F40CA770069F13F /* Info.plist */ = {isa = PBXFileReference; lastKnownFileType = text.plist.xml; path = Info.plist; sourceTree = "<group>"; };
/* End PBXFileReference section */

/* Begin PBXFrameworksBuildPhase section */
		A3EEB6751F40CA770069F13F /* Frameworks */ = {
			isa = PBXFrameworksBuildPhase;
			buildActionMask = 2147483647;
			files = (
			);
			runOnlyForDeploymentPostprocessing = 0;
		};
/* End PBXFrameworksBuildPhase section */

/* Begin PBXGroup section */
		A3EEB66F1F40CA770069F13F = {
			isa = PBXGroup;
			children = (
				A3EEB67A1F40CA770069F13F /* fireworksApp */,
				A3EEB6791F40CA770069F13F /* Products */,
			);
			sourceTree = "<group>";
		};
		A3EEB6791F40CA770069F13F /* Products */ = {
			isa = PBXGroup;
			children = (
				A3EEB6781F40CA770069F13F /* fireworksApp.app */,
			);
			name = Products;
			sourceTree = "<group>";
		};
		A3EEB67A1F40CA770069F13F /* fireworksApp */ = {
			isa = PBXGroup;
			children = (
				A3EEB67B1F40CA770069F13F /* AppDelegate.swift */,
				A3EEB67D1F40CA770069F13F /* ViewController.swift */,
				A3EEB67F1F40CA770069F13F /* Main.storyboard */,
				A3EEB6821F40CA770069F13F /* Assets.xcassets */,
				A3EEB6841F40CA770069F13F /* LaunchScreen.storyboard */,
				A3EEB6871F40CA770069F13F /* Info.plist */,
			);
			path = fireworksApp;
			sourceTree = "<group>";
		};
/* End PBXGroup section */

/* Begin PBXNativeTarget section */
		A3EEB6771F40CA770069F13F /* fireworksApp */ = {
			isa = PBXNativeTarget;
			buildConfigurationList = A3EEB68A1F40CA770069F13F /* Build configuration list for PBXNativeTarget "fireworksApp" */;
			buildPhases = (
				A3EEB6741F40CA770069F13F /* Sources */,
				A3EEB6751F40CA770069F13F /* Frameworks */,
				A3EEB6761F40CA770069F13F /* Resources */,
			);
			buildRules = (
			);
			dependencies = (
			);
			name = fireworksApp;
			productName = fireworksApp;
			productReference = A3EEB6781F40CA770069F13F /* fireworksApp.app */;
			productType = "com.apple.product-type.application";
		};
/* End PBXNativeTarget section */

/* Begin PBXProject section */
		A3EEB6701F40CA770069F13F /* Project object */ = {
			isa = PBXProject;
			attributes = {
				LastSwiftUpdateCheck = 0830;
				LastUpgradeCheck = 0830;
				ORGANIZATIONNAME = Julia;
				TargetAttributes = {
					A3EEB6771F40CA770069F13F = {
						CreatedOnToolsVersion = 8.3.3;
						ProvisioningStyle = Automatic;
					};
				};
			};
			buildConfigurationList = A3EEB6731F40CA770069F13F /* Build configuration list for PBXProject "fireworksApp" */;
			compatibilityVersion = "Xcode 3.2";
			developmentRegion = English;
			hasScannedForEncodings = 0;
			knownRegions = (
				en,
				Base,
			);
			mainGroup = A3EEB66F1F40CA770069F13F;
			productRefGroup = A3EEB6791F40CA770069F13F /* Products */;
			projectDirPath = "";
			projectRoot = "";
			targets = (
				A3EEB6771F40CA770069F13F /* fireworksApp */,
			);
		};
/* End PBXProject section */

/* Begin PBXResourcesBuildPhase section */
		A3EEB6761F40CA770069F13F /* Resources */ = {
			isa = PBXResourcesBuildPhase;
			buildActionMask = 2147483647;
			files = (
				A3EEB6861F40CA770069F13F /* LaunchScreen.storyboard in Resources */,
				A3EEB6831F40CA770069F13F /* Assets.xcassets in Resources */,
				A3EEB6811F40CA770069F13F /* Main.storyboard in Resources */,
			);
			runOnlyForDeploymentPostprocessing = 0;
		};
/* End PBXResourcesBuildPhase section */

/* Begin PBXSourcesBuildPhase section */
		A3EEB6741F40CA770069F13F /* Sources */ = {
			isa = PBXSourcesBuildPhase;
			buildActionMask = 2147483647;
			files = (
				A3EEB67E1F40CA770069F13F /* ViewController.swift in Sources */,
				A3EEB67C1F40CA770069F13F /* AppDelegate.swift in Sources */,
			);
			runOnlyForDeploymentPostprocessing = 0;
		};
/* End PBXSourcesBuildPhase section */

/* Begin PBXVariantGroup section */
		A3EEB67F1F40CA770069F13F /* Main.storyboard */ = {
			isa = PBXVariantGroup;
			children = (
				A3EEB6801F40CA770069F13F /* Base */,
			);
			name = Main.storyboard;
			sourceTree = "<group>";
		};
		A3EEB6841F40CA770069F13F /* LaunchScreen.storyboard */ = {
			isa = PBXVariantGroup;
			children = (
				A3EEB6851F40CA770069F13F /* Base */,
			);
			name = LaunchScreen.storyboard;
			sourceTree = "<group>";
		};
/* End PBXVariantGroup section */

/* Begin XCBuildConfiguration section */
		A3EEB6881F40CA770069F13F /* Debug */ = {
			isa = XCBuildConfiguration;
			buildSettings = {
				ALWAYS_SEARCH_USER_PATHS = NO;
				CLANG_ANALYZER_NONNULL = YES;
				CLANG_ANALYZER_NUMBER_OBJECT_CONVERSION = YES_AGGRESSIVE;
				CLANG_CXX_LANGUAGE_STANDARD = "gnu++0x";
				CLANG_CXX_LIBRARY = "libc++";
				CLANG_ENABLE_MODULES = YES;
				CLANG_ENABLE_OBJC_ARC = YES;
				CLANG_WARN_BOOL_CONVERSION = YES;
				CLANG_WARN_CONSTANT_CONVERSION = YES;
				CLANG_WARN_DIRECT_OBJC_ISA_USAGE = YES_ERROR;
				CLANG_WARN_DOCUMENTATION_COMMENTS = YES;
				CLANG_WARN_EMPTY_BODY = YES;
				CLANG_WARN_ENUM_CONVERSION = YES;
				CLANG_WARN_INFINITE_RECURSION = YES;
				CLANG_WARN_INT_CONVERSION = YES;
				CLANG_WARN_OBJC_ROOT_CLASS = YES_ERROR;
				CLANG_WARN_SUSPICIOUS_MOVE = YES;
				CLANG_WARN_UNREACHABLE_CODE = YES;
				CLANG_WARN__DUPLICATE_METHOD_MATCH = YES;
				"CODE_SIGN_IDENTITY[sdk=iphoneos*]" = "iPhone Developer";
				COPY_PHASE_STRIP = NO;
				DEBUG_INFORMATION_FORMAT = dwarf;
				ENABLE_STRICT_OBJC_MSGSEND = YES;
				ENABLE_TESTABILITY = YES;
				GCC_C_LANGUAGE_STANDARD = gnu99;
				GCC_DYNAMIC_NO_PIC = NO;
				GCC_NO_COMMON_BLOCKS = YES;
				GCC_OPTIMIZATION_LEVEL = 0;
				GCC_PREPROCESSOR_DEFINITIONS = (
					"DEBUG=1",
					"$(inherited)",
				);
				GCC_WARN_64_TO_32_BIT_CONVERSION = YES;
				GCC_WARN_ABOUT_RETURN_TYPE = YES_ERROR;
				GCC_WARN_UNDECLARED_SELECTOR = YES;
				GCC_WARN_UNINITIALIZED_AUTOS = YES_AGGRESSIVE;
				GCC_WARN_UNUSED_FUNCTION = YES;
				GCC_WARN_UNUSED_VARIABLE = YES;
				IPHONEOS_DEPLOYMENT_TARGET = 10.3;
				MTL_ENABLE_DEBUG_INFO = YES;
				ONLY_ACTIVE_ARCH = YES;
				SDKROOT = iphoneos;
				SWIFT_ACTIVE_COMPILATION_CONDITIONS = DEBUG;
				SWIFT_OPTIMIZATION_LEVEL = "-Onone";
			};
			name = Debug;
		};
		A3EEB6891F40CA770069F13F /* Release */ = {
			isa = XCBuildConfiguration;
			buildSettings = {
				ALWAYS_SEARCH_USER_PATHS = NO;
				CLANG_ANALYZER_NONNULL = YES;
				CLANG_ANALYZER_NUMBER_OBJECT_CONVERSION = YES_AGGRESSIVE;
				CLANG_CXX_LANGUAGE_STANDARD = "gnu++0x";
				CLANG_CXX_LIBRARY = "libc++";
				CLANG_ENABLE_MODULES = YES;
				CLANG_ENABLE_OBJC_ARC = YES;
				CLANG_WARN_BOOL_CONVERSION = YES;
				CLANG_WARN_CONSTANT_CONVERSION = YES;
				CLANG_WARN_DIRECT_OBJC_ISA_USAGE = YES_ERROR;
				CLANG_WARN_DOCUMENTATION_COMMENTS = YES;
				CLANG_WARN_EMPTY_BODY = YES;
				CLANG_WARN_ENUM_CONVERSION = YES;
				CLANG_WARN_INFINITE_RECURSION = YES;
				CLANG_WARN_INT_CONVERSION = YES;
				CLANG_WARN_OBJC_ROOT_CLASS = YES_ERROR;
				CLANG_WARN_SUSPICIOUS_MOVE = YES;
				CLANG_WARN_UNREACHABLE_CODE = YES;
				CLANG_WARN__DUPLICATE_METHOD_MATCH = YES;
				"CODE_SIGN_IDENTITY[sdk=iphoneos*]" = "iPhone Developer";
				COPY_PHASE_STRIP = NO;
				DEBUG_INFORMATION_FORMAT = "dwarf-with-dsym";
				ENABLE_NS_ASSERTIONS = NO;
				ENABLE_STRICT_OBJC_MSGSEND = YES;
				GCC_C_LANGUAGE_STANDARD = gnu99;
				GCC_NO_COMMON_BLOCKS = YES;
				GCC_WARN_64_TO_32_BIT_CONVERSION = YES;
				GCC_WARN_ABOUT_RETURN_TYPE = YES_ERROR;
				GCC_WARN_UNDECLARED_SELECTOR = YES;
				GCC_WARN_UNINITIALIZED_AUTOS = YES_AGGRESSIVE;
				GCC_WARN_UNUSED_FUNCTION = YES;
				GCC_WARN_UNUSED_VARIABLE = YES;
				IPHONEOS_DEPLOYMENT_TARGET = 10.3;
				MTL_ENABLE_DEBUG_INFO = NO;
				SDKROOT = iphoneos;
				SWIFT_OPTIMIZATION_LEVEL = "-Owholemodule";
				VALIDATE_PRODUCT = YES;
			};
			name = Release;
		};
		A3EEB68B1F40CA770069F13F /* Debug */ = {
			isa = XCBuildConfiguration;
			buildSettings = {
				ASSETCATALOG_COMPILER_APPICON_NAME = AppIcon;
				INFOPLIST_FILE = fireworksApp/Info.plist;
				LD_RUNPATH_SEARCH_PATHS = "$(inherited) @executable_path/Frameworks";
				PRODUCT_BUNDLE_IDENTIFIER = iosdev.fireworksApp;
				PRODUCT_NAME = "$(TARGET_NAME)";
				SWIFT_VERSION = 3.0;
			};
			name = Debug;
		};
		A3EEB68C1F40CA770069F13F /* Release */ = {
			isa = XCBuildConfiguration;
			buildSettings = {
				ASSETCATALOG_COMPILER_APPICON_NAME = AppIcon;
				INFOPLIST_FILE = fireworksApp/Info.plist;
				LD_RUNPATH_SEARCH_PATHS = "$(inherited) @executable_path/Frameworks";
				PRODUCT_BUNDLE_IDENTIFIER = iosdev.fireworksApp;
				PRODUCT_NAME = "$(TARGET_NAME)";
				SWIFT_VERSION = 3.0;
			};
			name = Release;
		};
/* End XCBuildConfiguration section */

/* Begin XCConfigurationList section */
		A3EEB6731F40CA770069F13F /* Build configuration list for PBXProject "fireworksApp" */ = {
			isa = XCConfigurationList;
			buildConfigurations = (
				A3EEB6881F40CA770069F13F /* Debug */,
				A3EEB6891F40CA770069F13F /* Release */,
			);
			defaultConfigurationIsVisible = 0;
			defaultConfigurationName = Release;
		};
		A3EEB68A1F40CA770069F13F /* Build configuration list for PBXNativeTarget "fireworksApp" */ = {
			isa = XCConfigurationList;
			buildConfigurations = (
				A3EEB68B1F40CA770069F13F /* Debug */,
				A3EEB68C1F40CA770069F13F /* Release */,
			);
			defaultConfigurationIsVisible = 0;
		};
/* End XCConfigurationList section */
	};
	rootObject = A3EEB6701F40CA770069F13F /* Project object */;
}
